
Microsoft Visual Studio Solution File, Format Version 12.00
# Visual Studio 14
VisualStudioVersion = 14.0.25420.1
MinimumVisualStudioVersion = 10.0.40219.1
Project("{FAE04EC0-301F-11D3-BF4B-00C04F79EFBC}") = "Bai3", "Bai1\Bai3.csproj", "{F712B166-6EEF-4ADD-964E-DD69BC5F09A4}"
EndProject
Project("{FAE04EC0-301F-11D3-BF4B-00C04F79EFBC}") = "Bai1", "Bai3\Bai1\Bai1.csproj", "{8B92F32D-B908-4921-9B60-276D0E8590A7}"
EndProject
Project("{FAE04EC0-301F-11D3-BF4B-00C04F79EFBC}") = "Bai2", "Bai2\Bai2.csproj", "{8F9399A0-918E-4E1E-9607-1FDF0AD4714E}"
EndProject
Project("{FAE04EC0-301F-11D3-BF4B-00C04F79EFBC}") = "Bai4", "Bai4\Bai4.csproj", "{69B2EE9D-976A-4861-977F-C5216A47BF0C}"
EndProject
Project("{FAE04EC0-301F-11D3-BF4B-00C04F79EFBC}") = "Bai5", "Bai5\Bai5.csproj", "{7A577D8D-CD10-41EB-9A14-748B58B99EB0}"
EndProject
Project("{FAE04EC0-301F-11D3-BF4B-00C04F79EFBC}") = "Bai6", "Bai6\Bai6.csproj", "{3E844632-F671-462C-9AA7-4C9AC495B749}"
EndProject
Project("{FAE04EC0-301F-11D3-BF4B-00C04F79EFBC}") = "Bai7", "Bai7\Bai7.csproj", "{FF25A222-8B5E-4E58-93CD-17542EAC9D45}"
EndProject
Project("{FAE04EC0-301F-11D3-BF4B-00C04F79EFBC}") = "Bai8", "Bai8\Bai8.csproj", "{8D5314A2-DBB0-494A-BD86-8106D03C625D}"
EndProject
Project("{FAE04EC0-301F-11D3-BF4B-00C04F79EFBC}") = "Bai9", "Bai9\Bai9.csproj", "{8CB11683-6F51-4383-8660-DF5CB5C9A745}"
EndProject
Project("{FAE04EC0-301F-11D3-BF4B-00C04F79EFBC}") = "Bai12", "Bai12\Bai12.csproj", "{150852EB-E305-41D0-9616-1C5B37A5D044}"
EndProject
Project("{FAE04EC0-301F-11D3-BF4B-00C04F79EFBC}") = "Bai14", "Bai14\Bai14.csproj", "{1375696D-DB40-4D97-B0C5-A01A604AD325}"
EndProject
Project("{FAE04EC0-301F-11D3-BF4B-00C04F79EFBC}") = "Bai10", "Bai10\Bai10.csproj", "{3D6B3D4F-1743-48CF-9602-D1B9078CC574}"
EndProject
Project("{FAE04EC0-301F-11D3-BF4B-00C04F79EFBC}") = "Bai11", "Bai11\Bai11.csproj", "{3D1C94D8-6659-489A-83AB-7B5E315B5B6F}"
EndProject
Project("{FAE04EC0-301F-11D3-BF4B-00C04F79EFBC}") = "Bai13", "Bai13\Bai13.csproj", "{8D79B2DC-BBF9-4A53-9968-66311E2CC076}"
EndProject
Project("{FAE04EC0-301F-11D3-BF4B-00C04F79EFBC}") = "Bai15", "Bai15\Bai15.csproj", "{16591F19-7BD2-4725-8BE3-226DA5C13F0A}"
EndProject
Project("{FAE04EC0-301F-11D3-BF4B-00C04F79EFBC}") = "Bai16", "Bai16\Bai16.csproj", "{90DE9555-03C3-4F89-B915-E2DAF58B9757}"
EndProject
Project("{FAE04EC0-301F-11D3-BF4B-00C04F79EFBC}") = "Bai17", "Bai17\Bai17.csproj", "{59876A97-2B73-488E-BB66-94F2BF46CAFA}"
EndProject
Global
	GlobalSection(SolutionConfigurationPlatforms) = preSolution
		Debug|Any CPU = Debug|Any CPU
		Release|Any CPU = Release|Any CPU
	EndGlobalSection
	GlobalSection(ProjectConfigurationPlatforms) = postSolution
		{F712B166-6EEF-4ADD-964E-DD69BC5F09A4}.Debug|Any CPU.ActiveCfg = Debug|Any CPU
		{F712B166-6EEF-4ADD-964E-DD69BC5F09A4}.Debug|Any CPU.Build.0 = Debug|Any CPU
		{F712B166-6EEF-4ADD-964E-DD69BC5F09A4}.Release|Any CPU.ActiveCfg = Release|Any CPU
		{F712B166-6EEF-4ADD-964E-DD69BC5F09A4}.Release|Any CPU.Build.0 = Release|Any CPU
		{8B92F32D-B908-4921-9B60-276D0E8590A7}.Debug|Any CPU.ActiveCfg = Debug|Any CPU
		{8B92F32D-B908-4921-9B60-276D0E8590A7}.Debug|Any CPU.Build.0 = Debug|Any CPU
		{8B92F32D-B908-4921-9B60-276D0E8590A7}.Release|Any CPU.ActiveCfg = Release|Any CPU
		{8B92F32D-B908-4921-9B60-276D0E8590A7}.Release|Any CPU.Build.0 = Release|Any CPU
		{8F9399A0-918E-4E1E-9607-1FDF0AD4714E}.Debug|Any CPU.ActiveCfg = Debug|Any CPU
		{8F9399A0-918E-4E1E-9607-1FDF0AD4714E}.Debug|Any CPU.Build.0 = Debug|Any CPU
		{8F9399A0-918E-4E1E-9607-1FDF0AD4714E}.Release|Any CPU.ActiveCfg = Release|Any CPU
		{8F9399A0-918E-4E1E-9607-1FDF0AD4714E}.Release|Any CPU.Build.0 = Release|Any CPU
		{69B2EE9D-976A-4861-977F-C5216A47BF0C}.Debug|Any CPU.ActiveCfg = Debug|Any CPU
		{69B2EE9D-976A-4861-977F-C5216A47BF0C}.Debug|Any CPU.Build.0 = Debug|Any CPU
		{69B2EE9D-976A-4861-977F-C5216A47BF0C}.Release|Any CPU.ActiveCfg = Release|Any CPU
		{69B2EE9D-976A-4861-977F-C5216A47BF0C}.Release|Any CPU.Build.0 = Release|Any CPU
		{7A577D8D-CD10-41EB-9A14-748B58B99EB0}.Debug|Any CPU.ActiveCfg = Debug|Any CPU
		{7A577D8D-CD10-41EB-9A14-748B58B99EB0}.Debug|Any CPU.Build.0 = Debug|Any CPU
		{7A577D8D-CD10-41EB-9A14-748B58B99EB0}.Release|Any CPU.ActiveCfg = Release|Any CPU
		{7A577D8D-CD10-41EB-9A14-748B58B99EB0}.Release|Any CPU.Build.0 = Release|Any CPU
		{3E844632-F671-462C-9AA7-4C9AC495B749}.Debug|Any CPU.ActiveCfg = Debug|Any CPU
		{3E844632-F671-462C-9AA7-4C9AC495B749}.Debug|Any CPU.Build.0 = Debug|Any CPU
		{3E844632-F671-462C-9AA7-4C9AC495B749}.Release|Any CPU.ActiveCfg = Release|Any CPU
		{3E844632-F671-462C-9AA7-4C9AC495B749}.Release|Any CPU.Build.0 = Release|Any CPU
		{FF25A222-8B5E-4E58-93CD-17542EAC9D45}.Debug|Any CPU.ActiveCfg = Debug|Any CPU
		{FF25A222-8B5E-4E58-93CD-17542EAC9D45}.Debug|Any CPU.Build.0 = Debug|Any CPU
		{FF25A222-8B5E-4E58-93CD-17542EAC9D45}.Release|Any CPU.ActiveCfg = Release|Any CPU
		{FF25A222-8B5E-4E58-93CD-17542EAC9D45}.Release|Any CPU.Build.0 = Release|Any CPU
		{8D5314A2-DBB0-494A-BD86-8106D03C625D}.Debug|Any CPU.ActiveCfg = Debug|Any CPU
		{8D5314A2-DBB0-494A-BD86-8106D03C625D}.Debug|Any CPU.Build.0 = Debug|Any CPU
		{8D5314A2-DBB0-494A-BD86-8106D03C625D}.Release|Any CPU.ActiveCfg = Release|Any CPU
		{8D5314A2-DBB0-494A-BD86-8106D03C625D}.Release|Any CPU.Build.0 = Release|Any CPU
		{8CB11683-6F51-4383-8660-DF5CB5C9A745}.Debug|Any CPU.ActiveCfg = Debug|Any CPU
		{8CB11683-6F51-4383-8660-DF5CB5C9A745}.Debug|Any CPU.Build.0 = Debug|Any CPU
		{8CB11683-6F51-4383-8660-DF5CB5C9A745}.Release|Any CPU.ActiveCfg = Release|Any CPU
		{8CB11683-6F51-4383-8660-DF5CB5C9A745}.Release|Any CPU.Build.0 = Release|Any CPU
		{150852EB-E305-41D0-9616-1C5B37A5D044}.Debug|Any CPU.ActiveCfg = Debug|Any CPU
		{150852EB-E305-41D0-9616-1C5B37A5D044}.Debug|Any CPU.Build.0 = Debug|Any CPU
		{150852EB-E305-41D0-9616-1C5B37A5D044}.Release|Any CPU.ActiveCfg = Release|Any CPU
		{150852EB-E305-41D0-9616-1C5B37A5D044}.Release|Any CPU.Build.0 = Release|Any CPU
		{1375696D-DB40-4D97-B0C5-A01A604AD325}.Debug|Any CPU.ActiveCfg = Debug|Any CPU
		{1375696D-DB40-4D97-B0C5-A01A604AD325}.Debug|Any CPU.Build.0 = Debug|Any CPU
		{1375696D-DB40-4D97-B0C5-A01A604AD325}.Release|Any CPU.ActiveCfg = Release|Any CPU
		{1375696D-DB40-4D97-B0C5-A01A604AD325}.Release|Any CPU.Build.0 = Release|Any CPU
		{3D6B3D4F-1743-48CF-9602-D1B9078CC574}.Debug|Any CPU.ActiveCfg = Debug|Any CPU
		{3D6B3D4F-1743-48CF-9602-D1B9078CC574}.Debug|Any CPU.Build.0 = Debug|Any CPU
		{3D6B3D4F-1743-48CF-9602-D1B9078CC574}.Release|Any CPU.ActiveCfg = Release|Any CPU
		{3D6B3D4F-1743-48CF-9602-D1B9078CC574}.Release|Any CPU.Build.0 = Release|Any CPU
		{3D1C94D8-6659-489A-83AB-7B5E315B5B6F}.Debug|Any CPU.ActiveCfg = Debug|Any CPU
		{3D1C94D8-6659-489A-83AB-7B5E315B5B6F}.Debug|Any CPU.Build.0 = Debug|Any CPU
		{3D1C94D8-6659-489A-83AB-7B5E315B5B6F}.Release|Any CPU.ActiveCfg = Release|Any CPU
		{3D1C94D8-6659-489A-83AB-7B5E315B5B6F}.Release|Any CPU.Build.0 = Release|Any CPU
		{8D79B2DC-BBF9-4A53-9968-66311E2CC076}.Debug|Any CPU.ActiveCfg = Debug|Any CPU
		{8D79B2DC-BBF9-4A53-9968-66311E2CC076}.Debug|Any CPU.Build.0 = Debug|Any CPU
		{8D79B2DC-BBF9-4A53-9968-66311E2CC076}.Release|Any CPU.ActiveCfg = Release|Any CPU
		{8D79B2DC-BBF9-4A53-9968-66311E2CC076}.Release|Any CPU.Build.0 = Release|Any CPU
		{16591F19-7BD2-4725-8BE3-226DA5C13F0A}.Debug|Any CPU.ActiveCfg = Debug|Any CPU
		{16591F19-7BD2-4725-8BE3-226DA5C13F0A}.Debug|Any CPU.Build.0 = Debug|Any CPU
		{16591F19-7BD2-4725-8BE3-226DA5C13F0A}.Release|Any CPU.ActiveCfg = Release|Any CPU
		{16591F19-7BD2-4725-8BE3-226DA5C13F0A}.Release|Any CPU.Build.0 = Release|Any CPU
		{90DE9555-03C3-4F89-B915-E2DAF58B9757}.Debug|Any CPU.ActiveCfg = Debug|Any CPU
		{90DE9555-03C3-4F89-B915-E2DAF58B9757}.Debug|Any CPU.Build.0 = Debug|Any CPU
		{90DE9555-03C3-4F89-B915-E2DAF58B9757}.Release|Any CPU.ActiveCfg = Release|Any CPU
		{90DE9555-03C3-4F89-B915-E2DAF58B9757}.Release|Any CPU.Build.0 = Release|Any CPU
		{59876A97-2B73-488E-BB66-94F2BF46CAFA}.Debug|Any CPU.ActiveCfg = Debug|Any CPU
		{59876A97-2B73-488E-BB66-94F2BF46CAFA}.Debug|Any CPU.Build.0 = Debug|Any CPU
		{59876A97-2B73-488E-BB66-94F2BF46CAFA}.Release|Any CPU.ActiveCfg = Release|Any CPU
		{59876A97-2B73-488E-BB66-94F2BF46CAFA}.Release|Any CPU.Build.0 = Release|Any CPU
	EndGlobalSection
	GlobalSection(SolutionProperties) = preSolution
		HideSolutionNode = FALSE
	EndGlobalSection
EndGlobal
